
Microsoft Visual Studio Solution File, Format Version 12.00
# Visual Studio Version 16
VisualStudioVersion = 25.0.1700.0
MinimumVisualStudioVersion = 10.0.40219.1
Project("{FAE04EC0-301F-11D3-BF4B-00C04F79EFBC}") = "TaskManager", "TaskManager.csproj", "{DA871652-2167-4D2A-93C8-54272B731DAC}"
EndProject
Global
	GlobalSection(SolutionConfigurationPlatforms) = preSolution
		Debug|Any CPU = Debug|Any CPU
		Release|Any CPU = Release|Any CPU
	EndGlobalSection
	GlobalSection(ProjectConfigurationPlatforms) = postSolution
		{DA871652-2167-4D2A-93C8-54272B731DAC}.Debug|Any CPU.ActiveCfg = Debug|Any CPU
		{DA871652-2167-4D2A-93C8-54272B731DAC}.Debug|Any CPU.Build.0 = Debug|Any CPU
		{DA871652-2167-4D2A-93C8-54272B731DAC}.Release|Any CPU.ActiveCfg = Release|Any CPU
		{DA871652-2167-4D2A-93C8-54272B731DAC}.Release|Any CPU.Build.0 = Release|Any CPU
	EndGlobalSection
	GlobalSection(SolutionProperties) = preSolution
		HideSolutionNode = FALSE
	EndGlobalSection
	GlobalSection(ExtensibilityGlobals) = postSolution
		SolutionGuid = {BF61B3D3-3654-4589-A806-355B8589ED5D}
	EndGlobalSection
EndGlobal
